{
  "name": "missing-unknown",
  "version": "1.0.0",
  "lockfileVersion": 1,
  "requires": true,
  "dependencies": {
    "fp-ts": {
      "version": "1.13.0",
      "resolved": "https://registry.npmjs.org/fp-ts/-/fp-ts-1.13.0.tgz",
      "integrity": "sha512-QDPtCkuLay+dX3zinnvt0ER+j8mdWZZSpM//DIY3GycgwUTDPBKFD7CxX5DU/mIDstcWqGuuUSrMNtB6MWluCQ=="
    },
    "typescript": {
      "version": "2.4.0",
      "resolved": "https://registry.npmjs.org/typescript/-/typescript-2.4.0.tgz",
      "integrity": "sha1-rvWo1AS+ujatM5q/B53d3/+6ht0="
    },
    "unknown-ts": {
      "version": "0.1.0",
      "resolved": "https://registry.npmjs.org/unknown-ts/-/unknown-ts-0.1.0.tgz",
      "integrity": "sha512-P+mV7fa1UAJ32HN+P1/eswQ33wmXt4+AuE20K0+ixzBe3t+NF51jp7gr0W6w+dSqBPvwmwSRVJIJHqaTdyf6Ag=="
    }
  }
}
